
Microsoft Visual Studio Solution File, Format Version 12.00
# Visual Studio Version 17
VisualStudioVersion = 17.4.33213.308
MinimumVisualStudioVersion = 10.0.40219.1
Project("{FAE04EC0-301F-11D3-BF4B-00C04F79EFBC}") = "NetScan.Android", "NetScan\NetScan.Android\NetScan.Android.csproj", "{9CDCFD5E-32E5-4506-A7EF-4867E25EBADF}"
EndProject
Project("{FAE04EC0-301F-11D3-BF4B-00C04F79EFBC}") = "NetScan.iOS", "NetScan\NetScan.iOS\NetScan.iOS.csproj", "{DB002F52-83BD-4FD9-8B0F-5C36927AA2B6}"
EndProject
Project("{FAE04EC0-301F-11D3-BF4B-00C04F79EFBC}") = "NetScan", "NetScan\NetScan\NetScan.csproj", "{EE4FDF14-4D4C-4467-89B3-F3F385794487}"
EndProject
Global
	GlobalSection(SolutionConfigurationPlatforms) = preSolution
		Debug|Any CPU = Debug|Any CPU
		Debug|iPhone = Debug|iPhone
		Debug|iPhoneSimulator = Debug|iPhoneSimulator
		Release|Any CPU = Release|Any CPU
		Release|iPhone = Release|iPhone
		Release|iPhoneSimulator = Release|iPhoneSimulator
	EndGlobalSection
	GlobalSection(ProjectConfigurationPlatforms) = postSolution
		{9CDCFD5E-32E5-4506-A7EF-4867E25EBADF}.Debug|Any CPU.ActiveCfg = Debug|Any CPU
		{9CDCFD5E-32E5-4506-A7EF-4867E25EBADF}.Debug|Any CPU.Build.0 = Debug|Any CPU
		{9CDCFD5E-32E5-4506-A7EF-4867E25EBADF}.Debug|Any CPU.Deploy.0 = Debug|Any CPU
		{9CDCFD5E-32E5-4506-A7EF-4867E25EBADF}.Debug|iPhone.ActiveCfg = Debug|Any CPU
		{9CDCFD5E-32E5-4506-A7EF-4867E25EBADF}.Debug|iPhone.Build.0 = Debug|Any CPU
		{9CDCFD5E-32E5-4506-A7EF-4867E25EBADF}.Debug|iPhone.Deploy.0 = Debug|Any CPU
		{9CDCFD5E-32E5-4506-A7EF-4867E25EBADF}.Debug|iPhoneSimulator.ActiveCfg = Debug|Any CPU
		{9CDCFD5E-32E5-4506-A7EF-4867E25EBADF}.Debug|iPhoneSimulator.Build.0 = Debug|Any CPU
		{9CDCFD5E-32E5-4506-A7EF-4867E25EBADF}.Debug|iPhoneSimulator.Deploy.0 = Debug|Any CPU
		{9CDCFD5E-32E5-4506-A7EF-4867E25EBADF}.Release|Any CPU.ActiveCfg = Release|Any CPU
		{9CDCFD5E-32E5-4506-A7EF-4867E25EBADF}.Release|Any CPU.Build.0 = Release|Any CPU
		{9CDCFD5E-32E5-4506-A7EF-4867E25EBADF}.Release|Any CPU.Deploy.0 = Release|Any CPU
		{9CDCFD5E-32E5-4506-A7EF-4867E25EBADF}.Release|iPhone.ActiveCfg = Release|Any CPU
		{9CDCFD5E-32E5-4506-A7EF-4867E25EBADF}.Release|iPhone.Build.0 = Release|Any CPU
		{9CDCFD5E-32E5-4506-A7EF-4867E25EBADF}.Release|iPhone.Deploy.0 = Release|Any CPU
		{9CDCFD5E-32E5-4506-A7EF-4867E25EBADF}.Release|iPhoneSimulator.ActiveCfg = Release|Any CPU
		{9CDCFD5E-32E5-4506-A7EF-4867E25EBADF}.Release|iPhoneSimulator.Build.0 = Release|Any CPU
		{9CDCFD5E-32E5-4506-A7EF-4867E25EBADF}.Release|iPhoneSimulator.Deploy.0 = Release|Any CPU
		{DB002F52-83BD-4FD9-8B0F-5C36927AA2B6}.Debug|Any CPU.ActiveCfg = Debug|iPhone
		{DB002F52-83BD-4FD9-8B0F-5C36927AA2B6}.Debug|Any CPU.Build.0 = Debug|iPhone
		{DB002F52-83BD-4FD9-8B0F-5C36927AA2B6}.Debug|Any CPU.Deploy.0 = Debug|iPhone
		{DB002F52-83BD-4FD9-8B0F-5C36927AA2B6}.Debug|iPhone.ActiveCfg = Debug|iPhone
		{DB002F52-83BD-4FD9-8B0F-5C36927AA2B6}.Debug|iPhone.Build.0 = Debug|iPhone
		{DB002F52-83BD-4FD9-8B0F-5C36927AA2B6}.Debug|iPhone.Deploy.0 = Debug|iPhone
		{DB002F52-83BD-4FD9-8B0F-5C36927AA2B6}.Debug|iPhoneSimulator.ActiveCfg = Debug|iPhoneSimulator
		{DB002F52-83BD-4FD9-8B0F-5C36927AA2B6}.Debug|iPhoneSimulator.Build.0 = Debug|iPhoneSimulator
		{DB002F52-83BD-4FD9-8B0F-5C36927AA2B6}.Debug|iPhoneSimulator.Deploy.0 = Debug|iPhoneSimulator
		{DB002F52-83BD-4FD9-8B0F-5C36927AA2B6}.Release|Any CPU.ActiveCfg = Release|iPhoneSimulator
		{DB002F52-83BD-4FD9-8B0F-5C36927AA2B6}.Release|Any CPU.Build.0 = Release|iPhoneSimulator
		{DB002F52-83BD-4FD9-8B0F-5C36927AA2B6}.Release|Any CPU.Deploy.0 = Release|iPhoneSimulator
		{DB002F52-83BD-4FD9-8B0F-5C36927AA2B6}.Release|iPhone.ActiveCfg = Release|iPhone
		{DB002F52-83BD-4FD9-8B0F-5C36927AA2B6}.Release|iPhone.Build.0 = Release|iPhone
		{DB002F52-83BD-4FD9-8B0F-5C36927AA2B6}.Release|iPhone.Deploy.0 = Release|iPhone
		{DB002F52-83BD-4FD9-8B0F-5C36927AA2B6}.Release|iPhoneSimulator.ActiveCfg = Release|iPhoneSimulator
		{DB002F52-83BD-4FD9-8B0F-5C36927AA2B6}.Release|iPhoneSimulator.Build.0 = Release|iPhoneSimulator
		{DB002F52-83BD-4FD9-8B0F-5C36927AA2B6}.Release|iPhoneSimulator.Deploy.0 = Release|iPhoneSimulator
		{EE4FDF14-4D4C-4467-89B3-F3F385794487}.Debug|Any CPU.ActiveCfg = Debug|Any CPU
		{EE4FDF14-4D4C-4467-89B3-F3F385794487}.Debug|Any CPU.Build.0 = Debug|Any CPU
		{EE4FDF14-4D4C-4467-89B3-F3F385794487}.Debug|Any CPU.Deploy.0 = Debug|Any CPU
		{EE4FDF14-4D4C-4467-89B3-F3F385794487}.Debug|iPhone.ActiveCfg = Debug|Any CPU
		{EE4FDF14-4D4C-4467-89B3-F3F385794487}.Debug|iPhone.Build.0 = Debug|Any CPU
		{EE4FDF14-4D4C-4467-89B3-F3F385794487}.Debug|iPhone.Deploy.0 = Debug|Any CPU
		{EE4FDF14-4D4C-4467-89B3-F3F385794487}.Debug|iPhoneSimulator.ActiveCfg = Debug|Any CPU
		{EE4FDF14-4D4C-4467-89B3-F3F385794487}.Debug|iPhoneSimulator.Build.0 = Debug|Any CPU
		{EE4FDF14-4D4C-4467-89B3-F3F385794487}.Debug|iPhoneSimulator.Deploy.0 = Debug|Any CPU
		{EE4FDF14-4D4C-4467-89B3-F3F385794487}.Release|Any CPU.ActiveCfg = Release|Any CPU
		{EE4FDF14-4D4C-4467-89B3-F3F385794487}.Release|Any CPU.Build.0 = Release|Any CPU
		{EE4FDF14-4D4C-4467-89B3-F3F385794487}.Release|Any CPU.Deploy.0 = Release|Any CPU
		{EE4FDF14-4D4C-4467-89B3-F3F385794487}.Release|iPhone.ActiveCfg = Release|Any CPU
		{EE4FDF14-4D4C-4467-89B3-F3F385794487}.Release|iPhone.Build.0 = Release|Any CPU
		{EE4FDF14-4D4C-4467-89B3-F3F385794487}.Release|iPhone.Deploy.0 = Release|Any CPU
		{EE4FDF14-4D4C-4467-89B3-F3F385794487}.Release|iPhoneSimulator.ActiveCfg = Release|Any CPU
		{EE4FDF14-4D4C-4467-89B3-F3F385794487}.Release|iPhoneSimulator.Build.0 = Release|Any CPU
		{EE4FDF14-4D4C-4467-89B3-F3F385794487}.Release|iPhoneSimulator.Deploy.0 = Release|Any CPU
	EndGlobalSection
	GlobalSection(SolutionProperties) = preSolution
		HideSolutionNode = FALSE
	EndGlobalSection
	GlobalSection(ExtensibilityGlobals) = postSolution
		SolutionGuid = {3CEC71B2-685E-406C-BA56-8D0B3334A080}
	EndGlobalSection
EndGlobal
